
Microsoft Visual Studio Solution File, Format Version 12.00
# Visual Studio Version 16
VisualStudioVersion = 16.0.30225.117
MinimumVisualStudioVersion = 10.0.40219.1
Project("{FAE04EC0-301F-11D3-BF4B-00C04F79EFBC}") = "AbstractFactory", "AbstractFactory.csproj", "{0CEF1CA7-2053-4A05-94C5-B0BA6F0A2170}"
EndProject
Global
	GlobalSection(SolutionConfigurationPlatforms) = preSolution
		Debug|Any CPU = Debug|Any CPU
		Release|Any CPU = Release|Any CPU
	EndGlobalSection
	GlobalSection(ProjectConfigurationPlatforms) = postSolution
		{0CEF1CA7-2053-4A05-94C5-B0BA6F0A2170}.Debug|Any CPU.ActiveCfg = Debug|Any CPU
		{0CEF1CA7-2053-4A05-94C5-B0BA6F0A2170}.Debug|Any CPU.Build.0 = Debug|Any CPU
		{0CEF1CA7-2053-4A05-94C5-B0BA6F0A2170}.Release|Any CPU.ActiveCfg = Release|Any CPU
		{0CEF1CA7-2053-4A05-94C5-B0BA6F0A2170}.Release|Any CPU.Build.0 = Release|Any CPU
	EndGlobalSection
	GlobalSection(SolutionProperties) = preSolution
		HideSolutionNode = FALSE
	EndGlobalSection
	GlobalSection(ExtensibilityGlobals) = postSolution
		SolutionGuid = {16DAF552-93AE-4FD3-8882-631562D66541}
	EndGlobalSection
EndGlobal
